
Microsoft Visual Studio Solution File, Format Version 12.00
# Visual Studio Version 16
VisualStudioVersion = 16.0.30611.23
MinimumVisualStudioVersion = 10.0.40219.1
Project("{9A19103F-16F7-4668-BE54-9A1E7A4F7556}") = "AndroidLanches.API", "AndroidLanches.API\AndroidLanches.API.csproj", "{3F4E35AE-A7C7-4235-8C97-35FBBBD40B46}"
EndProject
Project("{9A19103F-16F7-4668-BE54-9A1E7A4F7556}") = "AndroidLanches.Infra", "..\AndroidLanches.Infra\AndroidLanches.Infra\AndroidLanches.Infra.csproj", "{C5F1DB1F-0AD2-4383-A14D-FAB7A2FF6974}"
EndProject
Project("{9A19103F-16F7-4668-BE54-9A1E7A4F7556}") = "AndroidLanches.Domain", "..\AndroidLanches.Domain\AndroidLanches.Domain\AndroidLanches.Domain.csproj", "{80C5172A-4DB5-442D-9353-020D9221E5F9}"
EndProject
Global
	GlobalSection(SolutionConfigurationPlatforms) = preSolution
		Debug|Any CPU = Debug|Any CPU
		Release|Any CPU = Release|Any CPU
	EndGlobalSection
	GlobalSection(ProjectConfigurationPlatforms) = postSolution
		{3F4E35AE-A7C7-4235-8C97-35FBBBD40B46}.Debug|Any CPU.ActiveCfg = Debug|Any CPU
		{3F4E35AE-A7C7-4235-8C97-35FBBBD40B46}.Debug|Any CPU.Build.0 = Debug|Any CPU
		{3F4E35AE-A7C7-4235-8C97-35FBBBD40B46}.Release|Any CPU.ActiveCfg = Release|Any CPU
		{3F4E35AE-A7C7-4235-8C97-35FBBBD40B46}.Release|Any CPU.Build.0 = Release|Any CPU
		{C5F1DB1F-0AD2-4383-A14D-FAB7A2FF6974}.Debug|Any CPU.ActiveCfg = Debug|Any CPU
		{C5F1DB1F-0AD2-4383-A14D-FAB7A2FF6974}.Debug|Any CPU.Build.0 = Debug|Any CPU
		{C5F1DB1F-0AD2-4383-A14D-FAB7A2FF6974}.Release|Any CPU.ActiveCfg = Release|Any CPU
		{C5F1DB1F-0AD2-4383-A14D-FAB7A2FF6974}.Release|Any CPU.Build.0 = Release|Any CPU
		{80C5172A-4DB5-442D-9353-020D9221E5F9}.Debug|Any CPU.ActiveCfg = Debug|Any CPU
		{80C5172A-4DB5-442D-9353-020D9221E5F9}.Debug|Any CPU.Build.0 = Debug|Any CPU
		{80C5172A-4DB5-442D-9353-020D9221E5F9}.Release|Any CPU.ActiveCfg = Release|Any CPU
		{80C5172A-4DB5-442D-9353-020D9221E5F9}.Release|Any CPU.Build.0 = Release|Any CPU
	EndGlobalSection
	GlobalSection(SolutionProperties) = preSolution
		HideSolutionNode = FALSE
	EndGlobalSection
	GlobalSection(ExtensibilityGlobals) = postSolution
		SolutionGuid = {FD4E4665-A9FF-48F8-B29D-B0EF36F3341E}
	EndGlobalSection
EndGlobal
